// !$*UTF8*$!
{
	archiveVersion = 1;
	classes = {
	};
	objectVersion = 46;
	objects = {

/* Begin PBXBuildFile section */
		B6A5D50319BFDCAC009329D4 /* Launch Screen.xib in Resources */ = {isa = PBXBuildFile; fileRef = B6A5D50219BFDCAC009329D4 /* Launch Screen.xib */; };
		B6B710B419688CF800864E92 /* main.m in Sources */ = {isa = PBXBuildFile; fileRef = B6B710B319688CF800864E92 /* main.m */; };
		B6B710B719688CF800864E92 /* AppDelegate.m in Sources */ = {isa = PBXBuildFile; fileRef = B6B710B619688CF800864E92 /* AppDelegate.m */; };
		B6B710BA19688CF800864E92 /* ViewController.m in Sources */ = {isa = PBXBuildFile; fileRef = B6B710B919688CF800864E92 /* ViewController.m */; };
		B6B710BD19688CF800864E92 /* Main.storyboard in Resources */ = {isa = PBXBuildFile; fileRef = B6B710BB19688CF800864E92 /* Main.storyboard */; };
		B6B710BF19688CF800864E92 /* Images.xcassets in Resources */ = {isa = PBXBuildFile; fileRef = B6B710BE19688CF800864E92 /* Images.xcassets */; };
		B6B710CB19688CF800864E92 /* ShakeAndBreakTests.m in Sources */ = {isa = PBXBuildFile; fileRef = B6B710CA19688CF800864E92 /* ShakeAndBreakTests.m */; };
		B6B710D519688EF400864E92 /* glass.wav in Resources */ = {isa = PBXBuildFile; fileRef = B6B710D419688EF400864E92 /* glass.wav */; };
/* End PBXBuildFile section */

/* Begin PBXContainerItemProxy section */
		B6B710C519688CF800864E92 /* PBXContainerItemProxy */ = {
			isa = PBXContainerItemProxy;
			containerPortal = B6B710A619688CF800864E92 /* Project object */;
			proxyType = 1;
			remoteGlobalIDString = B6B710AD19688CF800864E92;
			remoteInfo = ShakeAndBreak;
		};
/* End PBXContainerItemProxy section */

/* Begin PBXFileReference section */
		B6A5D50219BFDCAC009329D4 /* Launch Screen.xib */ = {isa = PBXFileReference; fileEncoding = 4; lastKnownFileType = file.xib; path = "Launch Screen.xib"; sourceTree = "<group>"; };
		B6B710AE19688CF800864E92 /* ShakeAndBreak.app */ = {isa = PBXFileReference; explicitFileType = wrapper.application; includeInIndex = 0; path = ShakeAndBreak.app; sourceTree = BUILT_PRODUCTS_DIR; };
		B6B710B219688CF800864E92 /* Info.plist */ = {isa = PBXFileReference; lastKnownFileType = text.plist.xml; path = Info.plist; sourceTree = "<group>"; };
		B6B710B319688CF800864E92 /* main.m */ = {isa = PBXFileReference; lastKnownFileType = sourcecode.c.objc; path = main.m; sourceTree = "<group>"; };
		B6B710B519688CF800864E92 /* AppDelegate.h */ = {isa = PBXFileReference; lastKnownFileType = sourcecode.c.h; path = AppDelegate.h; sourceTree = "<group>"; };
		B6B710B619688CF800864E92 /* AppDelegate.m */ = {isa = PBXFileReference; lastKnownFileType = sourcecode.c.objc; path = AppDelegate.m; sourceTree = "<group>"; };
		B6B710B819688CF800864E92 /* ViewController.h */ = {isa = PBXFileReference; lastKnownFileType = sourcecode.c.h; path = ViewController.h; sourceTree = "<group>"; };
		B6B710B919688CF800864E92 /* ViewController.m */ = {isa = PBXFileReference; lastKnownFileType = sourcecode.c.objc; path = ViewController.m; sourceTree = "<group>"; };
		B6B710BC19688CF800864E92 /* Base */ = {isa = PBXFileReference; lastKnownFileType = file.storyboard; name = Base; path = Base.lproj/Main.storyboard; sourceTree = "<group>"; };
		B6B710BE19688CF800864E92 /* Images.xcassets */ = {isa = PBXFileReference; lastKnownFileType = folder.assetcatalog; path = Images.xcassets; sourceTree = "<group>"; };
		B6B710C419688CF800864E92 /* ShakeAndBreakTests.xctest */ = {isa = PBXFileReference; explicitFileType = wrapper.cfbundle; includeInIndex = 0; path = ShakeAndBreakTests.xctest; sourceTree = BUILT_PRODUCTS_DIR; };
		B6B710C919688CF800864E92 /* Info.plist */ = {isa = PBXFileReference; lastKnownFileType = text.plist.xml; path = Info.plist; sourceTree = "<group>"; };
		B6B710CA19688CF800864E92 /* ShakeAndBreakTests.m */ = {isa = PBXFileReference; lastKnownFileType = sourcecode.c.objc; path = ShakeAndBreakTests.m; sourceTree = "<group>"; };
		B6B710D419688EF400864E92 /* glass.wav */ = {isa = PBXFileReference; lastKnownFileType = audio.wav; path = glass.wav; sourceTree = "<group>"; };
/* End PBXFileReference section */

/* Begin PBXFrameworksBuildPhase section */
		B6B710AB19688CF800864E92 /* Frameworks */ = {
			isa = PBXFrameworksBuildPhase;
			buildActionMask = 2147483647;
			files = (
			);
			runOnlyForDeploymentPostprocessing = 0;
		};
		B6B710C119688CF800864E92 /* Frameworks */ = {
			isa = PBXFrameworksBuildPhase;
			buildActionMask = 2147483647;
			files = (
			);
			runOnlyForDeploymentPostprocessing = 0;
		};
/* End PBXFrameworksBuildPhase section */

/* Begin PBXGroup section */
		B6B710A519688CF800864E92 = {
			isa = PBXGroup;
			children = (
				B6B710B019688CF800864E92 /* ShakeAndBreak */,
				B6B710C719688CF800864E92 /* ShakeAndBreakTests */,
				B6B710AF19688CF800864E92 /* Products */,
			);
			sourceTree = "<group>";
		};
		B6B710AF19688CF800864E92 /* Products */ = {
			isa = PBXGroup;
			children = (
				B6B710AE19688CF800864E92 /* ShakeAndBreak.app */,
				B6B710C419688CF800864E92 /* ShakeAndBreakTests.xctest */,
			);
			name = Products;
			sourceTree = "<group>";
		};
		B6B710B019688CF800864E92 /* ShakeAndBreak */ = {
			isa = PBXGroup;
			children = (
				B6B710B519688CF800864E92 /* AppDelegate.h */,
				B6B710B619688CF800864E92 /* AppDelegate.m */,
				B6B710B819688CF800864E92 /* ViewController.h */,
				B6B710B919688CF800864E92 /* ViewController.m */,
				B6B710BB19688CF800864E92 /* Main.storyboard */,
				B6B710D419688EF400864E92 /* glass.wav */,
				B6B710BE19688CF800864E92 /* Images.xcassets */,
				B6A5D50219BFDCAC009329D4 /* Launch Screen.xib */,
				B6B710B119688CF800864E92 /* Supporting Files */,
			);
			path = ShakeAndBreak;
			sourceTree = "<group>";
		};
		B6B710B119688CF800864E92 /* Supporting Files */ = {
			isa = PBXGroup;
			children = (
				B6B710B219688CF800864E92 /* Info.plist */,
				B6B710B319688CF800864E92 /* main.m */,
			);
			name = "Supporting Files";
			sourceTree = "<group>";
		};
		B6B710C719688CF800864E92 /* ShakeAndBreakTests */ = {
			isa = PBXGroup;
			children = (
				B6B710CA19688CF800864E92 /* ShakeAndBreakTests.m */,
				B6B710C819688CF800864E92 /* Supporting Files */,
			);
			path = ShakeAndBreakTests;
			sourceTree = "<group>";
		};
		B6B710C819688CF800864E92 /* Supporting Files */ = {
			isa = PBXGroup;
			children = (
				B6B710C919688CF800864E92 /* Info.plist */,
			);
			name = "Supporting Files";
			sourceTree = "<group>";
		};
/* End PBXGroup section */

/* Begin PBXNativeTarget section */
		B6B710AD19688CF800864E92 /* ShakeAndBreak */ = {
			isa = PBXNativeTarget;
			buildConfigurationList = B6B710CE19688CF800864E92 /* Build configuration list for PBXNativeTarget "ShakeAndBreak" */;
			buildPhases = (
				B6B710AA19688CF800864E92 /* Sources */,
				B6B710AB19688CF800864E92 /* Frameworks */,
				B6B710AC19688CF800864E92 /* Resources */,
			);
			buildRules = (
			);
			dependencies = (
			);
			name = ShakeAndBreak;
			productName = ShakeAndBreak;
			productReference = B6B710AE19688CF800864E92 /* ShakeAndBreak.app */;
			productType = "com.apple.product-type.application";
		};
		B6B710C319688CF800864E92 /* ShakeAndBreakTests */ = {
			isa = PBXNativeTarget;
			buildConfigurationList = B6B710D119688CF800864E92 /* Build configuration list for PBXNativeTarget "ShakeAndBreakTests" */;
			buildPhases = (
				B6B710C019688CF800864E92 /* Sources */,
				B6B710C119688CF800864E92 /* Frameworks */,
				B6B710C219688CF800864E92 /* Resources */,
			);
			buildRules = (
			);
			dependencies = (
				B6B710C619688CF800864E92 /* PBXTargetDependency */,
			);
			name = ShakeAndBreakTests;
			productName = ShakeAndBreakTests;
			productReference = B6B710C419688CF800864E92 /* ShakeAndBreakTests.xctest */;
			productType = "com.apple.product-type.bundle.unit-test";
		};
/* End PBXNativeTarget section */

/* Begin PBXProject section */
		B6B710A619688CF800864E92 /* Project object */ = {
			isa = PBXProject;
			attributes = {
				LastUpgradeCheck = 0600;
				ORGANIZATIONNAME = Apress;
				TargetAttributes = {
					B6B710AD19688CF800864E92 = {
						CreatedOnToolsVersion = 6.0;
					};
					B6B710C319688CF800864E92 = {
						CreatedOnToolsVersion = 6.0;
						TestTargetID = B6B710AD19688CF800864E92;
					};
				};
			};
			buildConfigurationList = B6B710A919688CF800864E92 /* Build configuration list for PBXProject "ShakeAndBreak" */;
			compatibilityVersion = "Xcode 3.2";
			developmentRegion = English;
			hasScannedForEncodings = 0;
			knownRegions = (
				en,
				Base,
			);
			mainGroup = B6B710A519688CF800864E92;
			productRefGroup = B6B710AF19688CF800864E92 /* Products */;
			projectDirPath = "";
			projectRoot = "";
			targets = (
				B6B710AD19688CF800864E92 /* ShakeAndBreak */,
				B6B710C319688CF800864E92 /* ShakeAndBreakTests */,
			);
		};
/* End PBXProject section */

/* Begin PBXResourcesBuildPhase section */
		B6B710AC19688CF800864E92 /* Resources */ = {
			isa = PBXResourcesBuildPhase;
			buildActionMask = 2147483647;
			files = (
				B6B710D519688EF400864E92 /* glass.wav in Resources */,
				B6A5D50319BFDCAC009329D4 /* Launch Screen.xib in Resources */,
				B6B710BD19688CF800864E92 /* Main.storyboard in Resources */,
				B6B710BF19688CF800864E92 /* Images.xcassets in Resources */,
			);
			runOnlyForDeploymentPostprocessing = 0;
		};
		B6B710C219688CF800864E92 /* Resources */ = {
			isa = PBXResourcesBuildPhase;
			buildActionMask = 2147483647;
			files = (
			);
			runOnlyForDeploymentPostprocessing = 0;
		};
/* End PBXResourcesBuildPhase section */

/* Begin PBXSourcesBuildPhase section */
		B6B710AA19688CF800864E92 /* Sources */ = {
			isa = PBXSourcesBuildPhase;
			buildActionMask = 2147483647;
			files = (
				B6B710BA19688CF800864E92 /* ViewController.m in Sources */,
				B6B710B719688CF800864E92 /* AppDelegate.m in Sources */,
				B6B710B419688CF800864E92 /* main.m in Sources */,
			);
			runOnlyForDeploymentPostprocessing = 0;
		};
		B6B710C019688CF800864E92 /* Sources */ = {
			isa = PBXSourcesBuildPhase;
			buildActionMask = 2147483647;
			files = (
				B6B710CB19688CF800864E92 /* ShakeAndBreakTests.m in Sources */,
			);
			runOnlyForDeploymentPostprocessing = 0;
		};
/* End PBXSourcesBuildPhase section */

/* Begin PBXTargetDependency section */
		B6B710C619688CF800864E92 /* PBXTargetDependency */ = {
			isa = PBXTargetDependency;
			target = B6B710AD19688CF800864E92 /* ShakeAndBreak */;
			targetProxy = B6B710C519688CF800864E92 /* PBXContainerItemProxy */;
		};
/* End PBXTargetDependency section */

/* Begin PBXVariantGroup section */
		B6B710BB19688CF800864E92 /* Main.storyboard */ = {
			isa = PBXVariantGroup;
			children = (
				B6B710BC19688CF800864E92 /* Base */,
			);
			name = Main.storyboard;
			sourceTree = "<group>";
		};
/* End PBXVariantGroup section */

/* Begin XCBuildConfiguration section */
		B6B710CC19688CF800864E92 /* Debug */ = {
			isa = XCBuildConfiguration;
			buildSettings = {
				ALWAYS_SEARCH_USER_PATHS = NO;
				CLANG_CXX_LANGUAGE_STANDARD = "gnu++0x";
				CLANG_CXX_LIBRARY = "libc++";
				CLANG_ENABLE_MODULES = YES;
				CLANG_ENABLE_OBJC_ARC = YES;
				CLANG_WARN_BOOL_CONVERSION = YES;
				CLANG_WARN_CONSTANT_CONVERSION = YES;
				CLANG_WARN_DIRECT_OBJC_ISA_USAGE = YES_ERROR;
				CLANG_WARN_EMPTY_BODY = YES;
				CLANG_WARN_ENUM_CONVERSION = YES;
				CLANG_WARN_INT_CONVERSION = YES;
				CLANG_WARN_OBJC_ROOT_CLASS = YES_ERROR;
				CLANG_WARN_UNREACHABLE_CODE = YES;
				CLANG_WARN__DUPLICATE_METHOD_MATCH = YES;
				"CODE_SIGN_IDENTITY[sdk=iphoneos*]" = "iPhone Developer";
				COPY_PHASE_STRIP = NO;
				ENABLE_STRICT_OBJC_MSGSEND = YES;
				GCC_C_LANGUAGE_STANDARD = gnu99;
				GCC_DYNAMIC_NO_PIC = NO;
				GCC_OPTIMIZATION_LEVEL = 0;
				GCC_PREPROCESSOR_DEFINITIONS = (
					"DEBUG=1",
					"$(inherited)",
				);
				GCC_SYMBOLS_PRIVATE_EXTERN = NO;
				GCC_WARN_64_TO_32_BIT_CONVERSION = YES;
				GCC_WARN_ABOUT_RETURN_TYPE = YES_ERROR;
				GCC_WARN_UNDECLARED_SELECTOR = YES;
				GCC_WARN_UNINITIALIZED_AUTOS = YES_AGGRESSIVE;
				GCC_WARN_UNUSED_FUNCTION = YES;
				GCC_WARN_UNUSED_VARIABLE = YES;
				IPHONEOS_DEPLOYMENT_TARGET = 8.0;
				METAL_ENABLE_DEBUG_INFO = YES;
				ONLY_ACTIVE_ARCH = YES;
				SDKROOT = iphoneos;
			};
			name = Debug;
		};
		B6B710CD19688CF800864E92 /* Release */ = {
			isa = XCBuildConfiguration;
			buildSettings = {
				ALWAYS_SEARCH_USER_PATHS = NO;
				CLANG_CXX_LANGUAGE_STANDARD = "gnu++0x";
				CLANG_CXX_LIBRARY = "libc++";
				CLANG_ENABLE_MODULES = YES;
				CLANG_ENABLE_OBJC_ARC = YES;
				CLANG_WARN_BOOL_CONVERSION = YES;
				CLANG_WARN_CONSTANT_CONVERSION = YES;
				CLANG_WARN_DIRECT_OBJC_ISA_USAGE = YES_ERROR;
				CLANG_WARN_EMPTY_BODY = YES;
				CLANG_WARN_ENUM_CONVERSION = YES;
				CLANG_WARN_INT_CONVERSION = YES;
				CLANG_WARN_OBJC_ROOT_CLASS = YES_ERROR;
				CLANG_WARN_UNREACHABLE_CODE = YES;
				CLANG_WARN__DUPLICATE_METHOD_MATCH = YES;
				"CODE_SIGN_IDENTITY[sdk=iphoneos*]" = "iPhone Developer";
				COPY_PHASE_STRIP = YES;
				ENABLE_NS_ASSERTIONS = NO;
				ENABLE_STRICT_OBJC_MSGSEND = YES;
				GCC_C_LANGUAGE_STANDARD = gnu99;
				GCC_WARN_64_TO_32_BIT_CONVERSION = YES;
				GCC_WARN_ABOUT_RETURN_TYPE = YES_ERROR;
				GCC_WARN_UNDECLARED_SELECTOR = YES;
				GCC_WARN_UNINITIALIZED_AUTOS = YES_AGGRESSIVE;
				GCC_WARN_UNUSED_FUNCTION = YES;
				GCC_WARN_UNUSED_VARIABLE = YES;
				IPHONEOS_DEPLOYMENT_TARGET = 8.0;
				METAL_ENABLE_DEBUG_INFO = NO;
				SDKROOT = iphoneos;
				VALIDATE_PRODUCT = YES;
			};
			name = Release;
		};
		B6B710CF19688CF800864E92 /* Debug */ = {
			isa = XCBuildConfiguration;
			buildSettings = {
				ASSETCATALOG_COMPILER_APPICON_NAME = AppIcon;
				ASSETCATALOG_COMPILER_LAUNCHIMAGE_NAME = LaunchImage;
				INFOPLIST_FILE = ShakeAndBreak/Info.plist;
				LD_RUNPATH_SEARCH_PATHS = "$(inherited) @executable_path/Frameworks";
				PRODUCT_NAME = "$(TARGET_NAME)";
			};
			name = Debug;
		};
		B6B710D019688CF800864E92 /* Release */ = {
			isa = XCBuildConfiguration;
			buildSettings = {
				ASSETCATALOG_COMPILER_APPICON_NAME = AppIcon;
				ASSETCATALOG_COMPILER_LAUNCHIMAGE_NAME = LaunchImage;
				INFOPLIST_FILE = ShakeAndBreak/Info.plist;
				LD_RUNPATH_SEARCH_PATHS = "$(inherited) @executable_path/Frameworks";
				PRODUCT_NAME = "$(TARGET_NAME)";
			};
			name = Release;
		};
		B6B710D219688CF800864E92 /* Debug */ = {
			isa = XCBuildConfiguration;
			buildSettings = {
				BUNDLE_LOADER = "$(BUILT_PRODUCTS_DIR)/ShakeAndBreak.app/ShakeAndBreak";
				FRAMEWORK_SEARCH_PATHS = (
					"$(SDKROOT)/Developer/Library/Frameworks",
					"$(inherited)",
				);
				GCC_PREPROCESSOR_DEFINITIONS = (
					"DEBUG=1",
					"$(inherited)",
				);
				INFOPLIST_FILE = ShakeAndBreakTests/Info.plist;
				LD_RUNPATH_SEARCH_PATHS = "$(inherited) @executable_path/Frameworks @loader_path/Frameworks";
				METAL_ENABLE_DEBUG_INFO = YES;
				PRODUCT_NAME = "$(TARGET_NAME)";
				TEST_HOST = "$(BUNDLE_LOADER)";
			};
			name = Debug;
		};
		B6B710D319688CF800864E92 /* Release */ = {
			isa = XCBuildConfiguration;
			buildSettings = {
				BUNDLE_LOADER = "$(BUILT_PRODUCTS_DIR)/ShakeAndBreak.app/ShakeAndBreak";
				FRAMEWORK_SEARCH_PATHS = (
					"$(SDKROOT)/Developer/Library/Frameworks",
					"$(inherited)",
				);
				INFOPLIST_FILE = ShakeAndBreakTests/Info.plist;
				LD_RUNPATH_SEARCH_PATHS = "$(inherited) @executable_path/Frameworks @loader_path/Frameworks";
				METAL_ENABLE_DEBUG_INFO = NO;
				PRODUCT_NAME = "$(TARGET_NAME)";
				TEST_HOST = "$(BUNDLE_LOADER)";
			};
			name = Release;
		};
/* End XCBuildConfiguration section */

/* Begin XCConfigurationList section */
		B6B710A919688CF800864E92 /* Build configuration list for PBXProject "ShakeAndBreak" */ = {
			isa = XCConfigurationList;
			buildConfigurations = (
				B6B710CC19688CF800864E92 /* Debug */,
				B6B710CD19688CF800864E92 /* Release */,
			);
			defaultConfigurationIsVisible = 0;
			defaultConfigurationName = Release;
		};
		B6B710CE19688CF800864E92 /* Build configuration list for PBXNativeTarget "ShakeAndBreak" */ = {
			isa = XCConfigurationList;
			buildConfigurations = (
				B6B710CF19688CF800864E92 /* Debug */,
				B6B710D019688CF800864E92 /* Release */,
			);
			defaultConfigurationIsVisible = 0;
			defaultConfigurationName = Release;
		};
		B6B710D119688CF800864E92 /* Build configuration list for PBXNativeTarget "ShakeAndBreakTests" */ = {
			isa = XCConfigurationList;
			buildConfigurations = (
				B6B710D219688CF800864E92 /* Debug */,
				B6B710D319688CF800864E92 /* Release */,
			);
			defaultConfigurationIsVisible = 0;
			defaultConfigurationName = Release;
		};
/* End XCConfigurationList section */
	};
	rootObject = B6B710A619688CF800864E92 /* Project object */;
}
