// !$*UTF8*$!
{
	archiveVersion = 1;
	classes = {
	};
	objectVersion = 46;
	objects = {

/* Begin PBXBuildFile section */
		B6582C991994523E0005B182 /* main.m in Sources */ = {isa = PBXBuildFile; fileRef = B6582C981994523E0005B182 /* main.m */; };
		B6582C9C1994523E0005B182 /* AppDelegate.m in Sources */ = {isa = PBXBuildFile; fileRef = B6582C9B1994523E0005B182 /* AppDelegate.m */; };
		B6582C9F1994523E0005B182 /* GameScene.m in Sources */ = {isa = PBXBuildFile; fileRef = B6582C9E1994523E0005B182 /* GameScene.m */; };
		B6582CA11994523E0005B182 /* GameScene.sks in Resources */ = {isa = PBXBuildFile; fileRef = B6582CA01994523E0005B182 /* GameScene.sks */; };
		B6582CA41994523E0005B182 /* GameViewController.m in Sources */ = {isa = PBXBuildFile; fileRef = B6582CA31994523E0005B182 /* GameViewController.m */; };
		B6582CA71994523E0005B182 /* Main.storyboard in Resources */ = {isa = PBXBuildFile; fileRef = B6582CA51994523E0005B182 /* Main.storyboard */; };
		B6582CA91994523E0005B182 /* Images.xcassets in Resources */ = {isa = PBXBuildFile; fileRef = B6582CA81994523E0005B182 /* Images.xcassets */; };
		B6582CB51994523E0005B182 /* ResizeModesTests.m in Sources */ = {isa = PBXBuildFile; fileRef = B6582CB41994523E0005B182 /* ResizeModesTests.m */; };
		B6A5D4E919BFD935009329D4 /* Launch Screen.xib in Resources */ = {isa = PBXBuildFile; fileRef = B6A5D4E819BFD935009329D4 /* Launch Screen.xib */; };
/* End PBXBuildFile section */

/* Begin PBXContainerItemProxy section */
		B6582CAF1994523E0005B182 /* PBXContainerItemProxy */ = {
			isa = PBXContainerItemProxy;
			containerPortal = B6582C8B1994523E0005B182 /* Project object */;
			proxyType = 1;
			remoteGlobalIDString = B6582C921994523E0005B182;
			remoteInfo = ResizeModes;
		};
/* End PBXContainerItemProxy section */

/* Begin PBXFileReference section */
		B6582C931994523E0005B182 /* ResizeModes.app */ = {isa = PBXFileReference; explicitFileType = wrapper.application; includeInIndex = 0; path = ResizeModes.app; sourceTree = BUILT_PRODUCTS_DIR; };
		B6582C971994523E0005B182 /* Info.plist */ = {isa = PBXFileReference; lastKnownFileType = text.plist.xml; path = Info.plist; sourceTree = "<group>"; };
		B6582C981994523E0005B182 /* main.m */ = {isa = PBXFileReference; lastKnownFileType = sourcecode.c.objc; path = main.m; sourceTree = "<group>"; };
		B6582C9A1994523E0005B182 /* AppDelegate.h */ = {isa = PBXFileReference; lastKnownFileType = sourcecode.c.h; path = AppDelegate.h; sourceTree = "<group>"; };
		B6582C9B1994523E0005B182 /* AppDelegate.m */ = {isa = PBXFileReference; lastKnownFileType = sourcecode.c.objc; path = AppDelegate.m; sourceTree = "<group>"; };
		B6582C9D1994523E0005B182 /* GameScene.h */ = {isa = PBXFileReference; lastKnownFileType = sourcecode.c.h; path = GameScene.h; sourceTree = "<group>"; };
		B6582C9E1994523E0005B182 /* GameScene.m */ = {isa = PBXFileReference; lastKnownFileType = sourcecode.c.objc; path = GameScene.m; sourceTree = "<group>"; };
		B6582CA01994523E0005B182 /* GameScene.sks */ = {isa = PBXFileReference; lastKnownFileType = file.sks; path = GameScene.sks; sourceTree = "<group>"; };
		B6582CA21994523E0005B182 /* GameViewController.h */ = {isa = PBXFileReference; lastKnownFileType = sourcecode.c.h; path = GameViewController.h; sourceTree = "<group>"; };
		B6582CA31994523E0005B182 /* GameViewController.m */ = {isa = PBXFileReference; lastKnownFileType = sourcecode.c.objc; path = GameViewController.m; sourceTree = "<group>"; };
		B6582CA61994523E0005B182 /* Base */ = {isa = PBXFileReference; lastKnownFileType = file.storyboard; name = Base; path = Base.lproj/Main.storyboard; sourceTree = "<group>"; };
		B6582CA81994523E0005B182 /* Images.xcassets */ = {isa = PBXFileReference; lastKnownFileType = folder.assetcatalog; path = Images.xcassets; sourceTree = "<group>"; };
		B6582CAE1994523E0005B182 /* ResizeModesTests.xctest */ = {isa = PBXFileReference; explicitFileType = wrapper.cfbundle; includeInIndex = 0; path = ResizeModesTests.xctest; sourceTree = BUILT_PRODUCTS_DIR; };
		B6582CB31994523E0005B182 /* Info.plist */ = {isa = PBXFileReference; lastKnownFileType = text.plist.xml; path = Info.plist; sourceTree = "<group>"; };
		B6582CB41994523E0005B182 /* ResizeModesTests.m */ = {isa = PBXFileReference; lastKnownFileType = sourcecode.c.objc; path = ResizeModesTests.m; sourceTree = "<group>"; };
		B6A5D4E819BFD935009329D4 /* Launch Screen.xib */ = {isa = PBXFileReference; fileEncoding = 4; lastKnownFileType = file.xib; path = "Launch Screen.xib"; sourceTree = "<group>"; };
/* End PBXFileReference section */

/* Begin PBXFrameworksBuildPhase section */
		B6582C901994523E0005B182 /* Frameworks */ = {
			isa = PBXFrameworksBuildPhase;
			buildActionMask = 2147483647;
			files = (
			);
			runOnlyForDeploymentPostprocessing = 0;
		};
		B6582CAB1994523E0005B182 /* Frameworks */ = {
			isa = PBXFrameworksBuildPhase;
			buildActionMask = 2147483647;
			files = (
			);
			runOnlyForDeploymentPostprocessing = 0;
		};
/* End PBXFrameworksBuildPhase section */

/* Begin PBXGroup section */
		B6582C8A1994523E0005B182 = {
			isa = PBXGroup;
			children = (
				B6582C951994523E0005B182 /* ResizeModes */,
				B6582CB11994523E0005B182 /* ResizeModesTests */,
				B6582C941994523E0005B182 /* Products */,
			);
			sourceTree = "<group>";
		};
		B6582C941994523E0005B182 /* Products */ = {
			isa = PBXGroup;
			children = (
				B6582C931994523E0005B182 /* ResizeModes.app */,
				B6582CAE1994523E0005B182 /* ResizeModesTests.xctest */,
			);
			name = Products;
			sourceTree = "<group>";
		};
		B6582C951994523E0005B182 /* ResizeModes */ = {
			isa = PBXGroup;
			children = (
				B6582C9A1994523E0005B182 /* AppDelegate.h */,
				B6582C9B1994523E0005B182 /* AppDelegate.m */,
				B6582C9D1994523E0005B182 /* GameScene.h */,
				B6582C9E1994523E0005B182 /* GameScene.m */,
				B6582CA01994523E0005B182 /* GameScene.sks */,
				B6582CA21994523E0005B182 /* GameViewController.h */,
				B6582CA31994523E0005B182 /* GameViewController.m */,
				B6582CA51994523E0005B182 /* Main.storyboard */,
				B6582CA81994523E0005B182 /* Images.xcassets */,
				B6A5D4E819BFD935009329D4 /* Launch Screen.xib */,
				B6582C961994523E0005B182 /* Supporting Files */,
			);
			path = ResizeModes;
			sourceTree = "<group>";
		};
		B6582C961994523E0005B182 /* Supporting Files */ = {
			isa = PBXGroup;
			children = (
				B6582C971994523E0005B182 /* Info.plist */,
				B6582C981994523E0005B182 /* main.m */,
			);
			name = "Supporting Files";
			sourceTree = "<group>";
		};
		B6582CB11994523E0005B182 /* ResizeModesTests */ = {
			isa = PBXGroup;
			children = (
				B6582CB41994523E0005B182 /* ResizeModesTests.m */,
				B6582CB21994523E0005B182 /* Supporting Files */,
			);
			path = ResizeModesTests;
			sourceTree = "<group>";
		};
		B6582CB21994523E0005B182 /* Supporting Files */ = {
			isa = PBXGroup;
			children = (
				B6582CB31994523E0005B182 /* Info.plist */,
			);
			name = "Supporting Files";
			sourceTree = "<group>";
		};
/* End PBXGroup section */

/* Begin PBXNativeTarget section */
		B6582C921994523E0005B182 /* ResizeModes */ = {
			isa = PBXNativeTarget;
			buildConfigurationList = B6582CB81994523E0005B182 /* Build configuration list for PBXNativeTarget "ResizeModes" */;
			buildPhases = (
				B6582C8F1994523E0005B182 /* Sources */,
				B6582C901994523E0005B182 /* Frameworks */,
				B6582C911994523E0005B182 /* Resources */,
			);
			buildRules = (
			);
			dependencies = (
			);
			name = ResizeModes;
			productName = ResizeModes;
			productReference = B6582C931994523E0005B182 /* ResizeModes.app */;
			productType = "com.apple.product-type.application";
		};
		B6582CAD1994523E0005B182 /* ResizeModesTests */ = {
			isa = PBXNativeTarget;
			buildConfigurationList = B6582CBB1994523E0005B182 /* Build configuration list for PBXNativeTarget "ResizeModesTests" */;
			buildPhases = (
				B6582CAA1994523E0005B182 /* Sources */,
				B6582CAB1994523E0005B182 /* Frameworks */,
				B6582CAC1994523E0005B182 /* Resources */,
			);
			buildRules = (
			);
			dependencies = (
				B6582CB01994523E0005B182 /* PBXTargetDependency */,
			);
			name = ResizeModesTests;
			productName = ResizeModesTests;
			productReference = B6582CAE1994523E0005B182 /* ResizeModesTests.xctest */;
			productType = "com.apple.product-type.bundle.unit-test";
		};
/* End PBXNativeTarget section */

/* Begin PBXProject section */
		B6582C8B1994523E0005B182 /* Project object */ = {
			isa = PBXProject;
			attributes = {
				LastUpgradeCheck = 0600;
				ORGANIZATIONNAME = Apress;
				TargetAttributes = {
					B6582C921994523E0005B182 = {
						CreatedOnToolsVersion = 6.0;
					};
					B6582CAD1994523E0005B182 = {
						CreatedOnToolsVersion = 6.0;
						TestTargetID = B6582C921994523E0005B182;
					};
				};
			};
			buildConfigurationList = B6582C8E1994523E0005B182 /* Build configuration list for PBXProject "ResizeModes" */;
			compatibilityVersion = "Xcode 3.2";
			developmentRegion = English;
			hasScannedForEncodings = 0;
			knownRegions = (
				en,
				Base,
			);
			mainGroup = B6582C8A1994523E0005B182;
			productRefGroup = B6582C941994523E0005B182 /* Products */;
			projectDirPath = "";
			projectRoot = "";
			targets = (
				B6582C921994523E0005B182 /* ResizeModes */,
				B6582CAD1994523E0005B182 /* ResizeModesTests */,
			);
		};
/* End PBXProject section */

/* Begin PBXResourcesBuildPhase section */
		B6582C911994523E0005B182 /* Resources */ = {
			isa = PBXResourcesBuildPhase;
			buildActionMask = 2147483647;
			files = (
				B6582CA91994523E0005B182 /* Images.xcassets in Resources */,
				B6A5D4E919BFD935009329D4 /* Launch Screen.xib in Resources */,
				B6582CA11994523E0005B182 /* GameScene.sks in Resources */,
				B6582CA71994523E0005B182 /* Main.storyboard in Resources */,
			);
			runOnlyForDeploymentPostprocessing = 0;
		};
		B6582CAC1994523E0005B182 /* Resources */ = {
			isa = PBXResourcesBuildPhase;
			buildActionMask = 2147483647;
			files = (
			);
			runOnlyForDeploymentPostprocessing = 0;
		};
/* End PBXResourcesBuildPhase section */

/* Begin PBXSourcesBuildPhase section */
		B6582C8F1994523E0005B182 /* Sources */ = {
			isa = PBXSourcesBuildPhase;
			buildActionMask = 2147483647;
			files = (
				B6582CA41994523E0005B182 /* GameViewController.m in Sources */,
				B6582C9C1994523E0005B182 /* AppDelegate.m in Sources */,
				B6582C9F1994523E0005B182 /* GameScene.m in Sources */,
				B6582C991994523E0005B182 /* main.m in Sources */,
			);
			runOnlyForDeploymentPostprocessing = 0;
		};
		B6582CAA1994523E0005B182 /* Sources */ = {
			isa = PBXSourcesBuildPhase;
			buildActionMask = 2147483647;
			files = (
				B6582CB51994523E0005B182 /* ResizeModesTests.m in Sources */,
			);
			runOnlyForDeploymentPostprocessing = 0;
		};
/* End PBXSourcesBuildPhase section */

/* Begin PBXTargetDependency section */
		B6582CB01994523E0005B182 /* PBXTargetDependency */ = {
			isa = PBXTargetDependency;
			target = B6582C921994523E0005B182 /* ResizeModes */;
			targetProxy = B6582CAF1994523E0005B182 /* PBXContainerItemProxy */;
		};
/* End PBXTargetDependency section */

/* Begin PBXVariantGroup section */
		B6582CA51994523E0005B182 /* Main.storyboard */ = {
			isa = PBXVariantGroup;
			children = (
				B6582CA61994523E0005B182 /* Base */,
			);
			name = Main.storyboard;
			sourceTree = "<group>";
		};
/* End PBXVariantGroup section */

/* Begin XCBuildConfiguration section */
		B6582CB61994523E0005B182 /* Debug */ = {
			isa = XCBuildConfiguration;
			buildSettings = {
				ALWAYS_SEARCH_USER_PATHS = NO;
				CLANG_CXX_LANGUAGE_STANDARD = "gnu++0x";
				CLANG_CXX_LIBRARY = "libc++";
				CLANG_ENABLE_MODULES = YES;
				CLANG_ENABLE_OBJC_ARC = YES;
				CLANG_WARN_BOOL_CONVERSION = YES;
				CLANG_WARN_CONSTANT_CONVERSION = YES;
				CLANG_WARN_DIRECT_OBJC_ISA_USAGE = YES_ERROR;
				CLANG_WARN_EMPTY_BODY = YES;
				CLANG_WARN_ENUM_CONVERSION = YES;
				CLANG_WARN_INT_CONVERSION = YES;
				CLANG_WARN_OBJC_ROOT_CLASS = YES_ERROR;
				CLANG_WARN_UNREACHABLE_CODE = YES;
				CLANG_WARN__DUPLICATE_METHOD_MATCH = YES;
				"CODE_SIGN_IDENTITY[sdk=iphoneos*]" = "iPhone Developer";
				COPY_PHASE_STRIP = NO;
				ENABLE_STRICT_OBJC_MSGSEND = YES;
				GCC_C_LANGUAGE_STANDARD = gnu99;
				GCC_DYNAMIC_NO_PIC = NO;
				GCC_OPTIMIZATION_LEVEL = 0;
				GCC_PREPROCESSOR_DEFINITIONS = (
					"DEBUG=1",
					"$(inherited)",
				);
				GCC_SYMBOLS_PRIVATE_EXTERN = NO;
				GCC_WARN_64_TO_32_BIT_CONVERSION = YES;
				GCC_WARN_ABOUT_RETURN_TYPE = YES_ERROR;
				GCC_WARN_UNDECLARED_SELECTOR = YES;
				GCC_WARN_UNINITIALIZED_AUTOS = YES_AGGRESSIVE;
				GCC_WARN_UNUSED_FUNCTION = YES;
				GCC_WARN_UNUSED_VARIABLE = YES;
				IPHONEOS_DEPLOYMENT_TARGET = 8.0;
				MTL_ENABLE_DEBUG_INFO = YES;
				ONLY_ACTIVE_ARCH = YES;
				SDKROOT = iphoneos;
				TARGETED_DEVICE_FAMILY = "1,2";
			};
			name = Debug;
		};
		B6582CB71994523E0005B182 /* Release */ = {
			isa = XCBuildConfiguration;
			buildSettings = {
				ALWAYS_SEARCH_USER_PATHS = NO;
				CLANG_CXX_LANGUAGE_STANDARD = "gnu++0x";
				CLANG_CXX_LIBRARY = "libc++";
				CLANG_ENABLE_MODULES = YES;
				CLANG_ENABLE_OBJC_ARC = YES;
				CLANG_WARN_BOOL_CONVERSION = YES;
				CLANG_WARN_CONSTANT_CONVERSION = YES;
				CLANG_WARN_DIRECT_OBJC_ISA_USAGE = YES_ERROR;
				CLANG_WARN_EMPTY_BODY = YES;
				CLANG_WARN_ENUM_CONVERSION = YES;
				CLANG_WARN_INT_CONVERSION = YES;
				CLANG_WARN_OBJC_ROOT_CLASS = YES_ERROR;
				CLANG_WARN_UNREACHABLE_CODE = YES;
				CLANG_WARN__DUPLICATE_METHOD_MATCH = YES;
				"CODE_SIGN_IDENTITY[sdk=iphoneos*]" = "iPhone Developer";
				COPY_PHASE_STRIP = YES;
				ENABLE_NS_ASSERTIONS = NO;
				ENABLE_STRICT_OBJC_MSGSEND = YES;
				GCC_C_LANGUAGE_STANDARD = gnu99;
				GCC_WARN_64_TO_32_BIT_CONVERSION = YES;
				GCC_WARN_ABOUT_RETURN_TYPE = YES_ERROR;
				GCC_WARN_UNDECLARED_SELECTOR = YES;
				GCC_WARN_UNINITIALIZED_AUTOS = YES_AGGRESSIVE;
				GCC_WARN_UNUSED_FUNCTION = YES;
				GCC_WARN_UNUSED_VARIABLE = YES;
				IPHONEOS_DEPLOYMENT_TARGET = 8.0;
				MTL_ENABLE_DEBUG_INFO = NO;
				SDKROOT = iphoneos;
				TARGETED_DEVICE_FAMILY = "1,2";
				VALIDATE_PRODUCT = YES;
			};
			name = Release;
		};
		B6582CB91994523E0005B182 /* Debug */ = {
			isa = XCBuildConfiguration;
			buildSettings = {
				ASSETCATALOG_COMPILER_APPICON_NAME = AppIcon;
				ASSETCATALOG_COMPILER_LAUNCHIMAGE_NAME = LaunchImage;
				INFOPLIST_FILE = ResizeModes/Info.plist;
				LD_RUNPATH_SEARCH_PATHS = "$(inherited) @executable_path/Frameworks";
				PRODUCT_NAME = "$(TARGET_NAME)";
			};
			name = Debug;
		};
		B6582CBA1994523E0005B182 /* Release */ = {
			isa = XCBuildConfiguration;
			buildSettings = {
				ASSETCATALOG_COMPILER_APPICON_NAME = AppIcon;
				ASSETCATALOG_COMPILER_LAUNCHIMAGE_NAME = LaunchImage;
				INFOPLIST_FILE = ResizeModes/Info.plist;
				LD_RUNPATH_SEARCH_PATHS = "$(inherited) @executable_path/Frameworks";
				PRODUCT_NAME = "$(TARGET_NAME)";
			};
			name = Release;
		};
		B6582CBC1994523E0005B182 /* Debug */ = {
			isa = XCBuildConfiguration;
			buildSettings = {
				BUNDLE_LOADER = "$(TEST_HOST)";
				FRAMEWORK_SEARCH_PATHS = (
					"$(SDKROOT)/Developer/Library/Frameworks",
					"$(inherited)",
				);
				GCC_PREPROCESSOR_DEFINITIONS = (
					"DEBUG=1",
					"$(inherited)",
				);
				INFOPLIST_FILE = ResizeModesTests/Info.plist;
				LD_RUNPATH_SEARCH_PATHS = "$(inherited) @executable_path/Frameworks @loader_path/Frameworks";
				PRODUCT_NAME = "$(TARGET_NAME)";
				TEST_HOST = "$(BUILT_PRODUCTS_DIR)/ResizeModes.app/ResizeModes";
			};
			name = Debug;
		};
		B6582CBD1994523E0005B182 /* Release */ = {
			isa = XCBuildConfiguration;
			buildSettings = {
				BUNDLE_LOADER = "$(TEST_HOST)";
				FRAMEWORK_SEARCH_PATHS = (
					"$(SDKROOT)/Developer/Library/Frameworks",
					"$(inherited)",
				);
				INFOPLIST_FILE = ResizeModesTests/Info.plist;
				LD_RUNPATH_SEARCH_PATHS = "$(inherited) @executable_path/Frameworks @loader_path/Frameworks";
				PRODUCT_NAME = "$(TARGET_NAME)";
				TEST_HOST = "$(BUILT_PRODUCTS_DIR)/ResizeModes.app/ResizeModes";
			};
			name = Release;
		};
/* End XCBuildConfiguration section */

/* Begin XCConfigurationList section */
		B6582C8E1994523E0005B182 /* Build configuration list for PBXProject "ResizeModes" */ = {
			isa = XCConfigurationList;
			buildConfigurations = (
				B6582CB61994523E0005B182 /* Debug */,
				B6582CB71994523E0005B182 /* Release */,
			);
			defaultConfigurationIsVisible = 0;
			defaultConfigurationName = Release;
		};
		B6582CB81994523E0005B182 /* Build configuration list for PBXNativeTarget "ResizeModes" */ = {
			isa = XCConfigurationList;
			buildConfigurations = (
				B6582CB91994523E0005B182 /* Debug */,
				B6582CBA1994523E0005B182 /* Release */,
			);
			defaultConfigurationIsVisible = 0;
			defaultConfigurationName = Release;
		};
		B6582CBB1994523E0005B182 /* Build configuration list for PBXNativeTarget "ResizeModesTests" */ = {
			isa = XCConfigurationList;
			buildConfigurations = (
				B6582CBC1994523E0005B182 /* Debug */,
				B6582CBD1994523E0005B182 /* Release */,
			);
			defaultConfigurationIsVisible = 0;
			defaultConfigurationName = Release;
		};
/* End XCConfigurationList section */
	};
	rootObject = B6582C8B1994523E0005B182 /* Project object */;
}
