// !$*UTF8*$!
{
	archiveVersion = 1;
	classes = {
	};
	objectVersion = 46;
	objects = {

/* Begin PBXBuildFile section */
		B66EF50919CA4765005D0A4B /* main.m in Sources */ = {isa = PBXBuildFile; fileRef = B66EF50819CA4765005D0A4B /* main.m */; };
		B66EF50C19CA4765005D0A4B /* AppDelegate.m in Sources */ = {isa = PBXBuildFile; fileRef = B66EF50B19CA4765005D0A4B /* AppDelegate.m */; };
		B66EF50F19CA4765005D0A4B /* ViewController.m in Sources */ = {isa = PBXBuildFile; fileRef = B66EF50E19CA4765005D0A4B /* ViewController.m */; };
		B66EF51219CA4765005D0A4B /* Main.storyboard in Resources */ = {isa = PBXBuildFile; fileRef = B66EF51019CA4765005D0A4B /* Main.storyboard */; };
		B66EF51419CA4765005D0A4B /* Images.xcassets in Resources */ = {isa = PBXBuildFile; fileRef = B66EF51319CA4765005D0A4B /* Images.xcassets */; };
		B66EF51719CA4765005D0A4B /* LaunchScreen.xib in Resources */ = {isa = PBXBuildFile; fileRef = B66EF51519CA4765005D0A4B /* LaunchScreen.xib */; };
		B66EF52319CA4765005D0A4B /* Control_FunTests.m in Sources */ = {isa = PBXBuildFile; fileRef = B66EF52219CA4765005D0A4B /* Control_FunTests.m */; };
/* End PBXBuildFile section */

/* Begin PBXContainerItemProxy section */
		B66EF51D19CA4765005D0A4B /* PBXContainerItemProxy */ = {
			isa = PBXContainerItemProxy;
			containerPortal = B66EF4FB19CA4765005D0A4B /* Project object */;
			proxyType = 1;
			remoteGlobalIDString = B66EF50219CA4765005D0A4B;
			remoteInfo = "Control Fun";
		};
/* End PBXContainerItemProxy section */

/* Begin PBXFileReference section */
		B66EF50319CA4765005D0A4B /* Control Fun.app */ = {isa = PBXFileReference; explicitFileType = wrapper.application; includeInIndex = 0; path = "Control Fun.app"; sourceTree = BUILT_PRODUCTS_DIR; };
		B66EF50719CA4765005D0A4B /* Info.plist */ = {isa = PBXFileReference; lastKnownFileType = text.plist.xml; path = Info.plist; sourceTree = "<group>"; };
		B66EF50819CA4765005D0A4B /* main.m */ = {isa = PBXFileReference; lastKnownFileType = sourcecode.c.objc; path = main.m; sourceTree = "<group>"; };
		B66EF50A19CA4765005D0A4B /* AppDelegate.h */ = {isa = PBXFileReference; lastKnownFileType = sourcecode.c.h; path = AppDelegate.h; sourceTree = "<group>"; };
		B66EF50B19CA4765005D0A4B /* AppDelegate.m */ = {isa = PBXFileReference; lastKnownFileType = sourcecode.c.objc; path = AppDelegate.m; sourceTree = "<group>"; };
		B66EF50D19CA4765005D0A4B /* ViewController.h */ = {isa = PBXFileReference; lastKnownFileType = sourcecode.c.h; path = ViewController.h; sourceTree = "<group>"; };
		B66EF50E19CA4765005D0A4B /* ViewController.m */ = {isa = PBXFileReference; lastKnownFileType = sourcecode.c.objc; path = ViewController.m; sourceTree = "<group>"; };
		B66EF51119CA4765005D0A4B /* Base */ = {isa = PBXFileReference; lastKnownFileType = file.storyboard; name = Base; path = Base.lproj/Main.storyboard; sourceTree = "<group>"; };
		B66EF51319CA4765005D0A4B /* Images.xcassets */ = {isa = PBXFileReference; lastKnownFileType = folder.assetcatalog; path = Images.xcassets; sourceTree = "<group>"; };
		B66EF51619CA4765005D0A4B /* Base */ = {isa = PBXFileReference; lastKnownFileType = file.xib; name = Base; path = Base.lproj/LaunchScreen.xib; sourceTree = "<group>"; };
		B66EF51C19CA4765005D0A4B /* Control FunTests.xctest */ = {isa = PBXFileReference; explicitFileType = wrapper.cfbundle; includeInIndex = 0; path = "Control FunTests.xctest"; sourceTree = BUILT_PRODUCTS_DIR; };
		B66EF52119CA4765005D0A4B /* Info.plist */ = {isa = PBXFileReference; lastKnownFileType = text.plist.xml; path = Info.plist; sourceTree = "<group>"; };
		B66EF52219CA4765005D0A4B /* Control_FunTests.m */ = {isa = PBXFileReference; lastKnownFileType = sourcecode.c.objc; path = Control_FunTests.m; sourceTree = "<group>"; };
/* End PBXFileReference section */

/* Begin PBXFrameworksBuildPhase section */
		B66EF50019CA4765005D0A4B /* Frameworks */ = {
			isa = PBXFrameworksBuildPhase;
			buildActionMask = 2147483647;
			files = (
			);
			runOnlyForDeploymentPostprocessing = 0;
		};
		B66EF51919CA4765005D0A4B /* Frameworks */ = {
			isa = PBXFrameworksBuildPhase;
			buildActionMask = 2147483647;
			files = (
			);
			runOnlyForDeploymentPostprocessing = 0;
		};
/* End PBXFrameworksBuildPhase section */

/* Begin PBXGroup section */
		B66EF4FA19CA4765005D0A4B = {
			isa = PBXGroup;
			children = (
				B66EF50519CA4765005D0A4B /* Control Fun */,
				B66EF51F19CA4765005D0A4B /* Control FunTests */,
				B66EF50419CA4765005D0A4B /* Products */,
			);
			sourceTree = "<group>";
		};
		B66EF50419CA4765005D0A4B /* Products */ = {
			isa = PBXGroup;
			children = (
				B66EF50319CA4765005D0A4B /* Control Fun.app */,
				B66EF51C19CA4765005D0A4B /* Control FunTests.xctest */,
			);
			name = Products;
			sourceTree = "<group>";
		};
		B66EF50519CA4765005D0A4B /* Control Fun */ = {
			isa = PBXGroup;
			children = (
				B66EF50A19CA4765005D0A4B /* AppDelegate.h */,
				B66EF50B19CA4765005D0A4B /* AppDelegate.m */,
				B66EF50D19CA4765005D0A4B /* ViewController.h */,
				B66EF50E19CA4765005D0A4B /* ViewController.m */,
				B66EF51019CA4765005D0A4B /* Main.storyboard */,
				B66EF51319CA4765005D0A4B /* Images.xcassets */,
				B66EF51519CA4765005D0A4B /* LaunchScreen.xib */,
				B66EF50619CA4765005D0A4B /* Supporting Files */,
			);
			path = "Control Fun";
			sourceTree = "<group>";
		};
		B66EF50619CA4765005D0A4B /* Supporting Files */ = {
			isa = PBXGroup;
			children = (
				B66EF50719CA4765005D0A4B /* Info.plist */,
				B66EF50819CA4765005D0A4B /* main.m */,
			);
			name = "Supporting Files";
			sourceTree = "<group>";
		};
		B66EF51F19CA4765005D0A4B /* Control FunTests */ = {
			isa = PBXGroup;
			children = (
				B66EF52219CA4765005D0A4B /* Control_FunTests.m */,
				B66EF52019CA4765005D0A4B /* Supporting Files */,
			);
			path = "Control FunTests";
			sourceTree = "<group>";
		};
		B66EF52019CA4765005D0A4B /* Supporting Files */ = {
			isa = PBXGroup;
			children = (
				B66EF52119CA4765005D0A4B /* Info.plist */,
			);
			name = "Supporting Files";
			sourceTree = "<group>";
		};
/* End PBXGroup section */

/* Begin PBXNativeTarget section */
		B66EF50219CA4765005D0A4B /* Control Fun */ = {
			isa = PBXNativeTarget;
			buildConfigurationList = B66EF52619CA4765005D0A4B /* Build configuration list for PBXNativeTarget "Control Fun" */;
			buildPhases = (
				B66EF4FF19CA4765005D0A4B /* Sources */,
				B66EF50019CA4765005D0A4B /* Frameworks */,
				B66EF50119CA4765005D0A4B /* Resources */,
			);
			buildRules = (
			);
			dependencies = (
			);
			name = "Control Fun";
			productName = "Control Fun";
			productReference = B66EF50319CA4765005D0A4B /* Control Fun.app */;
			productType = "com.apple.product-type.application";
		};
		B66EF51B19CA4765005D0A4B /* Control FunTests */ = {
			isa = PBXNativeTarget;
			buildConfigurationList = B66EF52919CA4765005D0A4B /* Build configuration list for PBXNativeTarget "Control FunTests" */;
			buildPhases = (
				B66EF51819CA4765005D0A4B /* Sources */,
				B66EF51919CA4765005D0A4B /* Frameworks */,
				B66EF51A19CA4765005D0A4B /* Resources */,
			);
			buildRules = (
			);
			dependencies = (
				B66EF51E19CA4765005D0A4B /* PBXTargetDependency */,
			);
			name = "Control FunTests";
			productName = "Control FunTests";
			productReference = B66EF51C19CA4765005D0A4B /* Control FunTests.xctest */;
			productType = "com.apple.product-type.bundle.unit-test";
		};
/* End PBXNativeTarget section */

/* Begin PBXProject section */
		B66EF4FB19CA4765005D0A4B /* Project object */ = {
			isa = PBXProject;
			attributes = {
				LastUpgradeCheck = 0600;
				ORGANIZATIONNAME = Apress;
				TargetAttributes = {
					B66EF50219CA4765005D0A4B = {
						CreatedOnToolsVersion = 6.0;
					};
					B66EF51B19CA4765005D0A4B = {
						CreatedOnToolsVersion = 6.0;
						TestTargetID = B66EF50219CA4765005D0A4B;
					};
				};
			};
			buildConfigurationList = B66EF4FE19CA4765005D0A4B /* Build configuration list for PBXProject "Control Fun" */;
			compatibilityVersion = "Xcode 3.2";
			developmentRegion = English;
			hasScannedForEncodings = 0;
			knownRegions = (
				en,
				Base,
			);
			mainGroup = B66EF4FA19CA4765005D0A4B;
			productRefGroup = B66EF50419CA4765005D0A4B /* Products */;
			projectDirPath = "";
			projectRoot = "";
			targets = (
				B66EF50219CA4765005D0A4B /* Control Fun */,
				B66EF51B19CA4765005D0A4B /* Control FunTests */,
			);
		};
/* End PBXProject section */

/* Begin PBXResourcesBuildPhase section */
		B66EF50119CA4765005D0A4B /* Resources */ = {
			isa = PBXResourcesBuildPhase;
			buildActionMask = 2147483647;
			files = (
				B66EF51219CA4765005D0A4B /* Main.storyboard in Resources */,
				B66EF51719CA4765005D0A4B /* LaunchScreen.xib in Resources */,
				B66EF51419CA4765005D0A4B /* Images.xcassets in Resources */,
			);
			runOnlyForDeploymentPostprocessing = 0;
		};
		B66EF51A19CA4765005D0A4B /* Resources */ = {
			isa = PBXResourcesBuildPhase;
			buildActionMask = 2147483647;
			files = (
			);
			runOnlyForDeploymentPostprocessing = 0;
		};
/* End PBXResourcesBuildPhase section */

/* Begin PBXSourcesBuildPhase section */
		B66EF4FF19CA4765005D0A4B /* Sources */ = {
			isa = PBXSourcesBuildPhase;
			buildActionMask = 2147483647;
			files = (
				B66EF50F19CA4765005D0A4B /* ViewController.m in Sources */,
				B66EF50C19CA4765005D0A4B /* AppDelegate.m in Sources */,
				B66EF50919CA4765005D0A4B /* main.m in Sources */,
			);
			runOnlyForDeploymentPostprocessing = 0;
		};
		B66EF51819CA4765005D0A4B /* Sources */ = {
			isa = PBXSourcesBuildPhase;
			buildActionMask = 2147483647;
			files = (
				B66EF52319CA4765005D0A4B /* Control_FunTests.m in Sources */,
			);
			runOnlyForDeploymentPostprocessing = 0;
		};
/* End PBXSourcesBuildPhase section */

/* Begin PBXTargetDependency section */
		B66EF51E19CA4765005D0A4B /* PBXTargetDependency */ = {
			isa = PBXTargetDependency;
			target = B66EF50219CA4765005D0A4B /* Control Fun */;
			targetProxy = B66EF51D19CA4765005D0A4B /* PBXContainerItemProxy */;
		};
/* End PBXTargetDependency section */

/* Begin PBXVariantGroup section */
		B66EF51019CA4765005D0A4B /* Main.storyboard */ = {
			isa = PBXVariantGroup;
			children = (
				B66EF51119CA4765005D0A4B /* Base */,
			);
			name = Main.storyboard;
			sourceTree = "<group>";
		};
		B66EF51519CA4765005D0A4B /* LaunchScreen.xib */ = {
			isa = PBXVariantGroup;
			children = (
				B66EF51619CA4765005D0A4B /* Base */,
			);
			name = LaunchScreen.xib;
			sourceTree = "<group>";
		};
/* End PBXVariantGroup section */

/* Begin XCBuildConfiguration section */
		B66EF52419CA4765005D0A4B /* Debug */ = {
			isa = XCBuildConfiguration;
			buildSettings = {
				ALWAYS_SEARCH_USER_PATHS = NO;
				CLANG_CXX_LANGUAGE_STANDARD = "gnu++0x";
				CLANG_CXX_LIBRARY = "libc++";
				CLANG_ENABLE_MODULES = YES;
				CLANG_ENABLE_OBJC_ARC = YES;
				CLANG_WARN_BOOL_CONVERSION = YES;
				CLANG_WARN_CONSTANT_CONVERSION = YES;
				CLANG_WARN_DIRECT_OBJC_ISA_USAGE = YES_ERROR;
				CLANG_WARN_EMPTY_BODY = YES;
				CLANG_WARN_ENUM_CONVERSION = YES;
				CLANG_WARN_INT_CONVERSION = YES;
				CLANG_WARN_OBJC_ROOT_CLASS = YES_ERROR;
				CLANG_WARN_UNREACHABLE_CODE = YES;
				CLANG_WARN__DUPLICATE_METHOD_MATCH = YES;
				"CODE_SIGN_IDENTITY[sdk=iphoneos*]" = "iPhone Developer";
				COPY_PHASE_STRIP = NO;
				ENABLE_STRICT_OBJC_MSGSEND = YES;
				GCC_C_LANGUAGE_STANDARD = gnu99;
				GCC_DYNAMIC_NO_PIC = NO;
				GCC_OPTIMIZATION_LEVEL = 0;
				GCC_PREPROCESSOR_DEFINITIONS = (
					"DEBUG=1",
					"$(inherited)",
				);
				GCC_SYMBOLS_PRIVATE_EXTERN = NO;
				GCC_WARN_64_TO_32_BIT_CONVERSION = YES;
				GCC_WARN_ABOUT_RETURN_TYPE = YES_ERROR;
				GCC_WARN_UNDECLARED_SELECTOR = YES;
				GCC_WARN_UNINITIALIZED_AUTOS = YES_AGGRESSIVE;
				GCC_WARN_UNUSED_FUNCTION = YES;
				GCC_WARN_UNUSED_VARIABLE = YES;
				IPHONEOS_DEPLOYMENT_TARGET = 8.0;
				MTL_ENABLE_DEBUG_INFO = YES;
				ONLY_ACTIVE_ARCH = YES;
				SDKROOT = iphoneos;
				TARGETED_DEVICE_FAMILY = "1,2";
			};
			name = Debug;
		};
		B66EF52519CA4765005D0A4B /* Release */ = {
			isa = XCBuildConfiguration;
			buildSettings = {
				ALWAYS_SEARCH_USER_PATHS = NO;
				CLANG_CXX_LANGUAGE_STANDARD = "gnu++0x";
				CLANG_CXX_LIBRARY = "libc++";
				CLANG_ENABLE_MODULES = YES;
				CLANG_ENABLE_OBJC_ARC = YES;
				CLANG_WARN_BOOL_CONVERSION = YES;
				CLANG_WARN_CONSTANT_CONVERSION = YES;
				CLANG_WARN_DIRECT_OBJC_ISA_USAGE = YES_ERROR;
				CLANG_WARN_EMPTY_BODY = YES;
				CLANG_WARN_ENUM_CONVERSION = YES;
				CLANG_WARN_INT_CONVERSION = YES;
				CLANG_WARN_OBJC_ROOT_CLASS = YES_ERROR;
				CLANG_WARN_UNREACHABLE_CODE = YES;
				CLANG_WARN__DUPLICATE_METHOD_MATCH = YES;
				"CODE_SIGN_IDENTITY[sdk=iphoneos*]" = "iPhone Developer";
				COPY_PHASE_STRIP = YES;
				ENABLE_NS_ASSERTIONS = NO;
				ENABLE_STRICT_OBJC_MSGSEND = YES;
				GCC_C_LANGUAGE_STANDARD = gnu99;
				GCC_WARN_64_TO_32_BIT_CONVERSION = YES;
				GCC_WARN_ABOUT_RETURN_TYPE = YES_ERROR;
				GCC_WARN_UNDECLARED_SELECTOR = YES;
				GCC_WARN_UNINITIALIZED_AUTOS = YES_AGGRESSIVE;
				GCC_WARN_UNUSED_FUNCTION = YES;
				GCC_WARN_UNUSED_VARIABLE = YES;
				IPHONEOS_DEPLOYMENT_TARGET = 8.0;
				MTL_ENABLE_DEBUG_INFO = NO;
				SDKROOT = iphoneos;
				TARGETED_DEVICE_FAMILY = "1,2";
				VALIDATE_PRODUCT = YES;
			};
			name = Release;
		};
		B66EF52719CA4765005D0A4B /* Debug */ = {
			isa = XCBuildConfiguration;
			buildSettings = {
				ASSETCATALOG_COMPILER_APPICON_NAME = AppIcon;
				INFOPLIST_FILE = "Control Fun/Info.plist";
				LD_RUNPATH_SEARCH_PATHS = "$(inherited) @executable_path/Frameworks";
				PRODUCT_NAME = "$(TARGET_NAME)";
			};
			name = Debug;
		};
		B66EF52819CA4765005D0A4B /* Release */ = {
			isa = XCBuildConfiguration;
			buildSettings = {
				ASSETCATALOG_COMPILER_APPICON_NAME = AppIcon;
				INFOPLIST_FILE = "Control Fun/Info.plist";
				LD_RUNPATH_SEARCH_PATHS = "$(inherited) @executable_path/Frameworks";
				PRODUCT_NAME = "$(TARGET_NAME)";
			};
			name = Release;
		};
		B66EF52A19CA4765005D0A4B /* Debug */ = {
			isa = XCBuildConfiguration;
			buildSettings = {
				BUNDLE_LOADER = "$(TEST_HOST)";
				FRAMEWORK_SEARCH_PATHS = (
					"$(SDKROOT)/Developer/Library/Frameworks",
					"$(inherited)",
				);
				GCC_PREPROCESSOR_DEFINITIONS = (
					"DEBUG=1",
					"$(inherited)",
				);
				INFOPLIST_FILE = "Control FunTests/Info.plist";
				LD_RUNPATH_SEARCH_PATHS = "$(inherited) @executable_path/Frameworks @loader_path/Frameworks";
				PRODUCT_NAME = "$(TARGET_NAME)";
				TEST_HOST = "$(BUILT_PRODUCTS_DIR)/Control Fun.app/Control Fun";
			};
			name = Debug;
		};
		B66EF52B19CA4765005D0A4B /* Release */ = {
			isa = XCBuildConfiguration;
			buildSettings = {
				BUNDLE_LOADER = "$(TEST_HOST)";
				FRAMEWORK_SEARCH_PATHS = (
					"$(SDKROOT)/Developer/Library/Frameworks",
					"$(inherited)",
				);
				INFOPLIST_FILE = "Control FunTests/Info.plist";
				LD_RUNPATH_SEARCH_PATHS = "$(inherited) @executable_path/Frameworks @loader_path/Frameworks";
				PRODUCT_NAME = "$(TARGET_NAME)";
				TEST_HOST = "$(BUILT_PRODUCTS_DIR)/Control Fun.app/Control Fun";
			};
			name = Release;
		};
/* End XCBuildConfiguration section */

/* Begin XCConfigurationList section */
		B66EF4FE19CA4765005D0A4B /* Build configuration list for PBXProject "Control Fun" */ = {
			isa = XCConfigurationList;
			buildConfigurations = (
				B66EF52419CA4765005D0A4B /* Debug */,
				B66EF52519CA4765005D0A4B /* Release */,
			);
			defaultConfigurationIsVisible = 0;
			defaultConfigurationName = Release;
		};
		B66EF52619CA4765005D0A4B /* Build configuration list for PBXNativeTarget "Control Fun" */ = {
			isa = XCConfigurationList;
			buildConfigurations = (
				B66EF52719CA4765005D0A4B /* Debug */,
				B66EF52819CA4765005D0A4B /* Release */,
			);
			defaultConfigurationIsVisible = 0;
		};
		B66EF52919CA4765005D0A4B /* Build configuration list for PBXNativeTarget "Control FunTests" */ = {
			isa = XCConfigurationList;
			buildConfigurations = (
				B66EF52A19CA4765005D0A4B /* Debug */,
				B66EF52B19CA4765005D0A4B /* Release */,
			);
			defaultConfigurationIsVisible = 0;
		};
/* End XCConfigurationList section */
	};
	rootObject = B66EF4FB19CA4765005D0A4B /* Project object */;
}
