// !$*UTF8*$!
{
	archiveVersion = 1;
	classes = {
	};
	objectVersion = 46;
	objects = {

/* Begin PBXBuildFile section */
		B69C013E198569F500D2A39B /* main.m in Sources */ = {isa = PBXBuildFile; fileRef = B69C013D198569F500D2A39B /* main.m */; };
		B69C0141198569F500D2A39B /* AppDelegate.m in Sources */ = {isa = PBXBuildFile; fileRef = B69C0140198569F500D2A39B /* AppDelegate.m */; };
		B69C0144198569F500D2A39B /* FirstViewController.m in Sources */ = {isa = PBXBuildFile; fileRef = B69C0143198569F500D2A39B /* FirstViewController.m */; };
		B69C0147198569F500D2A39B /* SecondViewController.m in Sources */ = {isa = PBXBuildFile; fileRef = B69C0146198569F500D2A39B /* SecondViewController.m */; };
		B69C014A198569F500D2A39B /* Main.storyboard in Resources */ = {isa = PBXBuildFile; fileRef = B69C0148198569F500D2A39B /* Main.storyboard */; };
		B69C014C198569F500D2A39B /* Images.xcassets in Resources */ = {isa = PBXBuildFile; fileRef = B69C014B198569F500D2A39B /* Images.xcassets */; };
		B69C0158198569F500D2A39B /* Bridge_ControlTests.m in Sources */ = {isa = PBXBuildFile; fileRef = B69C0157198569F500D2A39B /* Bridge_ControlTests.m */; };
		B69C0162198570B400D2A39B /* Settings.bundle in Resources */ = {isa = PBXBuildFile; fileRef = B69C0161198570B400D2A39B /* Settings.bundle */; };
		B6A5D4D719BFD5E6009329D4 /* Launch Screen.xib in Resources */ = {isa = PBXBuildFile; fileRef = B6A5D4D619BFD5E6009329D4 /* Launch Screen.xib */; };
/* End PBXBuildFile section */

/* Begin PBXContainerItemProxy section */
		B69C0152198569F500D2A39B /* PBXContainerItemProxy */ = {
			isa = PBXContainerItemProxy;
			containerPortal = B69C0130198569F500D2A39B /* Project object */;
			proxyType = 1;
			remoteGlobalIDString = B69C0137198569F500D2A39B;
			remoteInfo = "Bridge Control";
		};
/* End PBXContainerItemProxy section */

/* Begin PBXFileReference section */
		B66702DC1985A17500AB134A /* Constants.h */ = {isa = PBXFileReference; lastKnownFileType = sourcecode.c.h; name = Constants.h; path = ../Constants.h; sourceTree = "<group>"; };
		B69C0138198569F500D2A39B /* Bridge Control.app */ = {isa = PBXFileReference; explicitFileType = wrapper.application; includeInIndex = 0; path = "Bridge Control.app"; sourceTree = BUILT_PRODUCTS_DIR; };
		B69C013C198569F500D2A39B /* Info.plist */ = {isa = PBXFileReference; lastKnownFileType = text.plist.xml; path = Info.plist; sourceTree = "<group>"; };
		B69C013D198569F500D2A39B /* main.m */ = {isa = PBXFileReference; lastKnownFileType = sourcecode.c.objc; path = main.m; sourceTree = "<group>"; };
		B69C013F198569F500D2A39B /* AppDelegate.h */ = {isa = PBXFileReference; lastKnownFileType = sourcecode.c.h; path = AppDelegate.h; sourceTree = "<group>"; };
		B69C0140198569F500D2A39B /* AppDelegate.m */ = {isa = PBXFileReference; lastKnownFileType = sourcecode.c.objc; path = AppDelegate.m; sourceTree = "<group>"; };
		B69C0142198569F500D2A39B /* FirstViewController.h */ = {isa = PBXFileReference; lastKnownFileType = sourcecode.c.h; path = FirstViewController.h; sourceTree = "<group>"; };
		B69C0143198569F500D2A39B /* FirstViewController.m */ = {isa = PBXFileReference; lastKnownFileType = sourcecode.c.objc; path = FirstViewController.m; sourceTree = "<group>"; };
		B69C0145198569F500D2A39B /* SecondViewController.h */ = {isa = PBXFileReference; lastKnownFileType = sourcecode.c.h; path = SecondViewController.h; sourceTree = "<group>"; };
		B69C0146198569F500D2A39B /* SecondViewController.m */ = {isa = PBXFileReference; lastKnownFileType = sourcecode.c.objc; path = SecondViewController.m; sourceTree = "<group>"; };
		B69C0149198569F500D2A39B /* Base */ = {isa = PBXFileReference; lastKnownFileType = file.storyboard; name = Base; path = Base.lproj/Main.storyboard; sourceTree = "<group>"; };
		B69C014B198569F500D2A39B /* Images.xcassets */ = {isa = PBXFileReference; lastKnownFileType = folder.assetcatalog; path = Images.xcassets; sourceTree = "<group>"; };
		B69C0151198569F500D2A39B /* Bridge ControlTests.xctest */ = {isa = PBXFileReference; explicitFileType = wrapper.cfbundle; includeInIndex = 0; path = "Bridge ControlTests.xctest"; sourceTree = BUILT_PRODUCTS_DIR; };
		B69C0156198569F500D2A39B /* Info.plist */ = {isa = PBXFileReference; lastKnownFileType = text.plist.xml; path = Info.plist; sourceTree = "<group>"; };
		B69C0157198569F500D2A39B /* Bridge_ControlTests.m */ = {isa = PBXFileReference; lastKnownFileType = sourcecode.c.objc; path = Bridge_ControlTests.m; sourceTree = "<group>"; };
		B69C0161198570B400D2A39B /* Settings.bundle */ = {isa = PBXFileReference; lastKnownFileType = "wrapper.plug-in"; path = Settings.bundle; sourceTree = "<group>"; };
		B6A5D4D619BFD5E6009329D4 /* Launch Screen.xib */ = {isa = PBXFileReference; fileEncoding = 4; lastKnownFileType = file.xib; path = "Launch Screen.xib"; sourceTree = "<group>"; };
/* End PBXFileReference section */

/* Begin PBXFrameworksBuildPhase section */
		B69C0135198569F500D2A39B /* Frameworks */ = {
			isa = PBXFrameworksBuildPhase;
			buildActionMask = 2147483647;
			files = (
			);
			runOnlyForDeploymentPostprocessing = 0;
		};
		B69C014E198569F500D2A39B /* Frameworks */ = {
			isa = PBXFrameworksBuildPhase;
			buildActionMask = 2147483647;
			files = (
			);
			runOnlyForDeploymentPostprocessing = 0;
		};
/* End PBXFrameworksBuildPhase section */

/* Begin PBXGroup section */
		B69C012F198569F500D2A39B = {
			isa = PBXGroup;
			children = (
				B69C013A198569F500D2A39B /* Bridge Control */,
				B69C0154198569F500D2A39B /* Bridge ControlTests */,
				B69C0139198569F500D2A39B /* Products */,
			);
			sourceTree = "<group>";
		};
		B69C0139198569F500D2A39B /* Products */ = {
			isa = PBXGroup;
			children = (
				B69C0138198569F500D2A39B /* Bridge Control.app */,
				B69C0151198569F500D2A39B /* Bridge ControlTests.xctest */,
			);
			name = Products;
			sourceTree = "<group>";
		};
		B69C013A198569F500D2A39B /* Bridge Control */ = {
			isa = PBXGroup;
			children = (
				B69C013F198569F500D2A39B /* AppDelegate.h */,
				B66702DC1985A17500AB134A /* Constants.h */,
				B69C0140198569F500D2A39B /* AppDelegate.m */,
				B69C0142198569F500D2A39B /* FirstViewController.h */,
				B69C0143198569F500D2A39B /* FirstViewController.m */,
				B69C0145198569F500D2A39B /* SecondViewController.h */,
				B69C0146198569F500D2A39B /* SecondViewController.m */,
				B69C0148198569F500D2A39B /* Main.storyboard */,
				B69C014B198569F500D2A39B /* Images.xcassets */,
				B6A5D4D619BFD5E6009329D4 /* Launch Screen.xib */,
				B69C013B198569F500D2A39B /* Supporting Files */,
				B69C0161198570B400D2A39B /* Settings.bundle */,
			);
			path = "Bridge Control";
			sourceTree = "<group>";
		};
		B69C013B198569F500D2A39B /* Supporting Files */ = {
			isa = PBXGroup;
			children = (
				B69C013C198569F500D2A39B /* Info.plist */,
				B69C013D198569F500D2A39B /* main.m */,
			);
			name = "Supporting Files";
			sourceTree = "<group>";
		};
		B69C0154198569F500D2A39B /* Bridge ControlTests */ = {
			isa = PBXGroup;
			children = (
				B69C0157198569F500D2A39B /* Bridge_ControlTests.m */,
				B69C0155198569F500D2A39B /* Supporting Files */,
			);
			path = "Bridge ControlTests";
			sourceTree = "<group>";
		};
		B69C0155198569F500D2A39B /* Supporting Files */ = {
			isa = PBXGroup;
			children = (
				B69C0156198569F500D2A39B /* Info.plist */,
			);
			name = "Supporting Files";
			sourceTree = "<group>";
		};
/* End PBXGroup section */

/* Begin PBXNativeTarget section */
		B69C0137198569F500D2A39B /* Bridge Control */ = {
			isa = PBXNativeTarget;
			buildConfigurationList = B69C015B198569F500D2A39B /* Build configuration list for PBXNativeTarget "Bridge Control" */;
			buildPhases = (
				B69C0134198569F500D2A39B /* Sources */,
				B69C0135198569F500D2A39B /* Frameworks */,
				B69C0136198569F500D2A39B /* Resources */,
			);
			buildRules = (
			);
			dependencies = (
			);
			name = "Bridge Control";
			productName = "Bridge Control";
			productReference = B69C0138198569F500D2A39B /* Bridge Control.app */;
			productType = "com.apple.product-type.application";
		};
		B69C0150198569F500D2A39B /* Bridge ControlTests */ = {
			isa = PBXNativeTarget;
			buildConfigurationList = B69C015E198569F500D2A39B /* Build configuration list for PBXNativeTarget "Bridge ControlTests" */;
			buildPhases = (
				B69C014D198569F500D2A39B /* Sources */,
				B69C014E198569F500D2A39B /* Frameworks */,
				B69C014F198569F500D2A39B /* Resources */,
			);
			buildRules = (
			);
			dependencies = (
				B69C0153198569F500D2A39B /* PBXTargetDependency */,
			);
			name = "Bridge ControlTests";
			productName = "Bridge ControlTests";
			productReference = B69C0151198569F500D2A39B /* Bridge ControlTests.xctest */;
			productType = "com.apple.product-type.bundle.unit-test";
		};
/* End PBXNativeTarget section */

/* Begin PBXProject section */
		B69C0130198569F500D2A39B /* Project object */ = {
			isa = PBXProject;
			attributes = {
				LastUpgradeCheck = 0600;
				ORGANIZATIONNAME = Apress;
				TargetAttributes = {
					B69C0137198569F500D2A39B = {
						CreatedOnToolsVersion = 6.0;
					};
					B69C0150198569F500D2A39B = {
						CreatedOnToolsVersion = 6.0;
						TestTargetID = B69C0137198569F500D2A39B;
					};
				};
			};
			buildConfigurationList = B69C0133198569F500D2A39B /* Build configuration list for PBXProject "Bridge Control" */;
			compatibilityVersion = "Xcode 3.2";
			developmentRegion = English;
			hasScannedForEncodings = 0;
			knownRegions = (
				en,
				Base,
			);
			mainGroup = B69C012F198569F500D2A39B;
			productRefGroup = B69C0139198569F500D2A39B /* Products */;
			projectDirPath = "";
			projectRoot = "";
			targets = (
				B69C0137198569F500D2A39B /* Bridge Control */,
				B69C0150198569F500D2A39B /* Bridge ControlTests */,
			);
		};
/* End PBXProject section */

/* Begin PBXResourcesBuildPhase section */
		B69C0136198569F500D2A39B /* Resources */ = {
			isa = PBXResourcesBuildPhase;
			buildActionMask = 2147483647;
			files = (
				B69C014A198569F500D2A39B /* Main.storyboard in Resources */,
				B6A5D4D719BFD5E6009329D4 /* Launch Screen.xib in Resources */,
				B69C0162198570B400D2A39B /* Settings.bundle in Resources */,
				B69C014C198569F500D2A39B /* Images.xcassets in Resources */,
			);
			runOnlyForDeploymentPostprocessing = 0;
		};
		B69C014F198569F500D2A39B /* Resources */ = {
			isa = PBXResourcesBuildPhase;
			buildActionMask = 2147483647;
			files = (
			);
			runOnlyForDeploymentPostprocessing = 0;
		};
/* End PBXResourcesBuildPhase section */

/* Begin PBXSourcesBuildPhase section */
		B69C0134198569F500D2A39B /* Sources */ = {
			isa = PBXSourcesBuildPhase;
			buildActionMask = 2147483647;
			files = (
				B69C0147198569F500D2A39B /* SecondViewController.m in Sources */,
				B69C0141198569F500D2A39B /* AppDelegate.m in Sources */,
				B69C0144198569F500D2A39B /* FirstViewController.m in Sources */,
				B69C013E198569F500D2A39B /* main.m in Sources */,
			);
			runOnlyForDeploymentPostprocessing = 0;
		};
		B69C014D198569F500D2A39B /* Sources */ = {
			isa = PBXSourcesBuildPhase;
			buildActionMask = 2147483647;
			files = (
				B69C0158198569F500D2A39B /* Bridge_ControlTests.m in Sources */,
			);
			runOnlyForDeploymentPostprocessing = 0;
		};
/* End PBXSourcesBuildPhase section */

/* Begin PBXTargetDependency section */
		B69C0153198569F500D2A39B /* PBXTargetDependency */ = {
			isa = PBXTargetDependency;
			target = B69C0137198569F500D2A39B /* Bridge Control */;
			targetProxy = B69C0152198569F500D2A39B /* PBXContainerItemProxy */;
		};
/* End PBXTargetDependency section */

/* Begin PBXVariantGroup section */
		B69C0148198569F500D2A39B /* Main.storyboard */ = {
			isa = PBXVariantGroup;
			children = (
				B69C0149198569F500D2A39B /* Base */,
			);
			name = Main.storyboard;
			sourceTree = "<group>";
		};
/* End PBXVariantGroup section */

/* Begin XCBuildConfiguration section */
		B69C0159198569F500D2A39B /* Debug */ = {
			isa = XCBuildConfiguration;
			buildSettings = {
				ALWAYS_SEARCH_USER_PATHS = NO;
				CLANG_CXX_LANGUAGE_STANDARD = "gnu++0x";
				CLANG_CXX_LIBRARY = "libc++";
				CLANG_ENABLE_MODULES = YES;
				CLANG_ENABLE_OBJC_ARC = YES;
				CLANG_WARN_BOOL_CONVERSION = YES;
				CLANG_WARN_CONSTANT_CONVERSION = YES;
				CLANG_WARN_DIRECT_OBJC_ISA_USAGE = YES_ERROR;
				CLANG_WARN_EMPTY_BODY = YES;
				CLANG_WARN_ENUM_CONVERSION = YES;
				CLANG_WARN_INT_CONVERSION = YES;
				CLANG_WARN_OBJC_ROOT_CLASS = YES_ERROR;
				CLANG_WARN_UNREACHABLE_CODE = YES;
				CLANG_WARN__DUPLICATE_METHOD_MATCH = YES;
				"CODE_SIGN_IDENTITY[sdk=iphoneos*]" = "iPhone Developer";
				COPY_PHASE_STRIP = NO;
				ENABLE_STRICT_OBJC_MSGSEND = YES;
				GCC_C_LANGUAGE_STANDARD = gnu99;
				GCC_DYNAMIC_NO_PIC = NO;
				GCC_OPTIMIZATION_LEVEL = 0;
				GCC_PREPROCESSOR_DEFINITIONS = (
					"DEBUG=1",
					"$(inherited)",
				);
				GCC_SYMBOLS_PRIVATE_EXTERN = NO;
				GCC_WARN_64_TO_32_BIT_CONVERSION = YES;
				GCC_WARN_ABOUT_RETURN_TYPE = YES_ERROR;
				GCC_WARN_UNDECLARED_SELECTOR = YES;
				GCC_WARN_UNINITIALIZED_AUTOS = YES_AGGRESSIVE;
				GCC_WARN_UNUSED_FUNCTION = YES;
				GCC_WARN_UNUSED_VARIABLE = YES;
				IPHONEOS_DEPLOYMENT_TARGET = 8.0;
				MTL_ENABLE_DEBUG_INFO = YES;
				ONLY_ACTIVE_ARCH = YES;
				SDKROOT = iphoneos;
				TARGETED_DEVICE_FAMILY = "1,2";
			};
			name = Debug;
		};
		B69C015A198569F500D2A39B /* Release */ = {
			isa = XCBuildConfiguration;
			buildSettings = {
				ALWAYS_SEARCH_USER_PATHS = NO;
				CLANG_CXX_LANGUAGE_STANDARD = "gnu++0x";
				CLANG_CXX_LIBRARY = "libc++";
				CLANG_ENABLE_MODULES = YES;
				CLANG_ENABLE_OBJC_ARC = YES;
				CLANG_WARN_BOOL_CONVERSION = YES;
				CLANG_WARN_CONSTANT_CONVERSION = YES;
				CLANG_WARN_DIRECT_OBJC_ISA_USAGE = YES_ERROR;
				CLANG_WARN_EMPTY_BODY = YES;
				CLANG_WARN_ENUM_CONVERSION = YES;
				CLANG_WARN_INT_CONVERSION = YES;
				CLANG_WARN_OBJC_ROOT_CLASS = YES_ERROR;
				CLANG_WARN_UNREACHABLE_CODE = YES;
				CLANG_WARN__DUPLICATE_METHOD_MATCH = YES;
				"CODE_SIGN_IDENTITY[sdk=iphoneos*]" = "iPhone Developer";
				COPY_PHASE_STRIP = YES;
				ENABLE_NS_ASSERTIONS = NO;
				ENABLE_STRICT_OBJC_MSGSEND = YES;
				GCC_C_LANGUAGE_STANDARD = gnu99;
				GCC_WARN_64_TO_32_BIT_CONVERSION = YES;
				GCC_WARN_ABOUT_RETURN_TYPE = YES_ERROR;
				GCC_WARN_UNDECLARED_SELECTOR = YES;
				GCC_WARN_UNINITIALIZED_AUTOS = YES_AGGRESSIVE;
				GCC_WARN_UNUSED_FUNCTION = YES;
				GCC_WARN_UNUSED_VARIABLE = YES;
				IPHONEOS_DEPLOYMENT_TARGET = 8.0;
				MTL_ENABLE_DEBUG_INFO = NO;
				SDKROOT = iphoneos;
				TARGETED_DEVICE_FAMILY = "1,2";
				VALIDATE_PRODUCT = YES;
			};
			name = Release;
		};
		B69C015C198569F500D2A39B /* Debug */ = {
			isa = XCBuildConfiguration;
			buildSettings = {
				ASSETCATALOG_COMPILER_APPICON_NAME = AppIcon;
				ASSETCATALOG_COMPILER_LAUNCHIMAGE_NAME = LaunchImage;
				INFOPLIST_FILE = "Bridge Control/Info.plist";
				LD_RUNPATH_SEARCH_PATHS = "$(inherited) @executable_path/Frameworks";
				PRODUCT_NAME = "$(TARGET_NAME)";
			};
			name = Debug;
		};
		B69C015D198569F500D2A39B /* Release */ = {
			isa = XCBuildConfiguration;
			buildSettings = {
				ASSETCATALOG_COMPILER_APPICON_NAME = AppIcon;
				ASSETCATALOG_COMPILER_LAUNCHIMAGE_NAME = LaunchImage;
				INFOPLIST_FILE = "Bridge Control/Info.plist";
				LD_RUNPATH_SEARCH_PATHS = "$(inherited) @executable_path/Frameworks";
				PRODUCT_NAME = "$(TARGET_NAME)";
			};
			name = Release;
		};
		B69C015F198569F500D2A39B /* Debug */ = {
			isa = XCBuildConfiguration;
			buildSettings = {
				BUNDLE_LOADER = "$(BUILT_PRODUCTS_DIR)/Bridge Control.app/Bridge Control";
				FRAMEWORK_SEARCH_PATHS = (
					"$(SDKROOT)/Developer/Library/Frameworks",
					"$(inherited)",
				);
				GCC_PREPROCESSOR_DEFINITIONS = (
					"DEBUG=1",
					"$(inherited)",
				);
				INFOPLIST_FILE = "Bridge ControlTests/Info.plist";
				LD_RUNPATH_SEARCH_PATHS = "$(inherited) @executable_path/Frameworks @loader_path/Frameworks";
				PRODUCT_NAME = "$(TARGET_NAME)";
				TEST_HOST = "$(BUNDLE_LOADER)";
			};
			name = Debug;
		};
		B69C0160198569F500D2A39B /* Release */ = {
			isa = XCBuildConfiguration;
			buildSettings = {
				BUNDLE_LOADER = "$(BUILT_PRODUCTS_DIR)/Bridge Control.app/Bridge Control";
				FRAMEWORK_SEARCH_PATHS = (
					"$(SDKROOT)/Developer/Library/Frameworks",
					"$(inherited)",
				);
				INFOPLIST_FILE = "Bridge ControlTests/Info.plist";
				LD_RUNPATH_SEARCH_PATHS = "$(inherited) @executable_path/Frameworks @loader_path/Frameworks";
				PRODUCT_NAME = "$(TARGET_NAME)";
				TEST_HOST = "$(BUNDLE_LOADER)";
			};
			name = Release;
		};
/* End XCBuildConfiguration section */

/* Begin XCConfigurationList section */
		B69C0133198569F500D2A39B /* Build configuration list for PBXProject "Bridge Control" */ = {
			isa = XCConfigurationList;
			buildConfigurations = (
				B69C0159198569F500D2A39B /* Debug */,
				B69C015A198569F500D2A39B /* Release */,
			);
			defaultConfigurationIsVisible = 0;
			defaultConfigurationName = Release;
		};
		B69C015B198569F500D2A39B /* Build configuration list for PBXNativeTarget "Bridge Control" */ = {
			isa = XCConfigurationList;
			buildConfigurations = (
				B69C015C198569F500D2A39B /* Debug */,
				B69C015D198569F500D2A39B /* Release */,
			);
			defaultConfigurationIsVisible = 0;
			defaultConfigurationName = Release;
		};
		B69C015E198569F500D2A39B /* Build configuration list for PBXNativeTarget "Bridge ControlTests" */ = {
			isa = XCConfigurationList;
			buildConfigurations = (
				B69C015F198569F500D2A39B /* Debug */,
				B69C0160198569F500D2A39B /* Release */,
			);
			defaultConfigurationIsVisible = 0;
			defaultConfigurationName = Release;
		};
/* End XCConfigurationList section */
	};
	rootObject = B69C0130198569F500D2A39B /* Project object */;
}
